
Microsoft Visual Studio Solution File, Format Version 12.00
# Visual Studio Version 17
VisualStudioVersion = 17.3.32825.248
MinimumVisualStudioVersion = 10.0.40219.1
Project("{FAE04EC0-301F-11D3-BF4B-00C04F79EFBC}") = "UserStory_Airport", "UserStory_Airport.csproj", "{4E3DD0F7-BB72-40C7-87D6-5FE6871A03CB}"
EndProject
Global
	GlobalSection(SolutionConfigurationPlatforms) = preSolution
		Debug|Any CPU = Debug|Any CPU
		Release|Any CPU = Release|Any CPU
	EndGlobalSection
	GlobalSection(ProjectConfigurationPlatforms) = postSolution
		{4E3DD0F7-BB72-40C7-87D6-5FE6871A03CB}.Debug|Any CPU.ActiveCfg = Debug|Any CPU
		{4E3DD0F7-BB72-40C7-87D6-5FE6871A03CB}.Debug|Any CPU.Build.0 = Debug|Any CPU
		{4E3DD0F7-BB72-40C7-87D6-5FE6871A03CB}.Release|Any CPU.ActiveCfg = Release|Any CPU
		{4E3DD0F7-BB72-40C7-87D6-5FE6871A03CB}.Release|Any CPU.Build.0 = Release|Any CPU
	EndGlobalSection
	GlobalSection(SolutionProperties) = preSolution
		HideSolutionNode = FALSE
	EndGlobalSection
	GlobalSection(ExtensibilityGlobals) = postSolution
		SolutionGuid = {B32C04DE-5546-45E7-851B-A7F4B5301E66}
	EndGlobalSection
EndGlobal
